
Microsoft Visual Studio Solution File, Format Version 12.00
# Visual Studio Version 17
VisualStudioVersion = 17.11.35222.181
MinimumVisualStudioVersion = 10.0.40219.1
Project("{FAE04EC0-301F-11D3-BF4B-00C04F79EFBC}") = "Assignment2", "Assignment2\Assignment2.csproj", "{CA21F6EE-2031-4035-BD95-90B64C7D41BA}"
EndProject
Global
	GlobalSection(SolutionConfigurationPlatforms) = preSolution
		Debug|Any CPU = Debug|Any CPU
		Release|Any CPU = Release|Any CPU
	EndGlobalSection
	GlobalSection(ProjectConfigurationPlatforms) = postSolution
		{CA21F6EE-2031-4035-BD95-90B64C7D41BA}.Debug|Any CPU.ActiveCfg = Debug|Any CPU
		{CA21F6EE-2031-4035-BD95-90B64C7D41BA}.Debug|Any CPU.Build.0 = Debug|Any CPU
		{CA21F6EE-2031-4035-BD95-90B64C7D41BA}.Release|Any CPU.ActiveCfg = Release|Any CPU
		{CA21F6EE-2031-4035-BD95-90B64C7D41BA}.Release|Any CPU.Build.0 = Release|Any CPU
	EndGlobalSection
	GlobalSection(SolutionProperties) = preSolution
		HideSolutionNode = FALSE
	EndGlobalSection
	GlobalSection(ExtensibilityGlobals) = postSolution
		SolutionGuid = {0FC1BB2A-2A81-4D96-995A-02DB4B28F6B4}
	EndGlobalSection
EndGlobal
